
Microsoft Visual Studio Solution File, Format Version 12.00
# Visual Studio Version 17
VisualStudioVersion = 17.12.35527.113
MinimumVisualStudioVersion = 10.0.40219.1
Project("{2150E333-8FDC-42A3-9474-1A3956D46DE8}") = "Services", "Services", "{0289C832-D22F-46EA-B541-91B80814D95C}"
EndProject
Project("{2150E333-8FDC-42A3-9474-1A3956D46DE8}") = "Catalog", "Catalog", "{9B24C8F7-D12C-4567-8DD6-21735B7415E8}"
EndProject
Project("{FAE04EC0-301F-11D3-BF4B-00C04F79EFBC}") = "Ecommerce.Catalog", "Services\Catalog\Ecommerce.Catalog\Ecommerce.Catalog.csproj", "{0EBBCAB8-4750-475B-94B1-9547E976725E}"
EndProject
Project("{2150E333-8FDC-42A3-9474-1A3956D46DE8}") = "Discount", "Discount", "{C00F0FDE-1D90-4210-9AA8-9D06599F7CA3}"
EndProject
Project("{FAE04EC0-301F-11D3-BF4B-00C04F79EFBC}") = "Ecommerce.Discount", "Services\Discount\Ecommerce.Discount\Ecommerce.Discount.csproj", "{336388E3-2074-4634-8F98-5F2372320EFE}"
EndProject
Project("{2150E333-8FDC-42A3-9474-1A3956D46DE8}") = "Order", "Order", "{32A0FD9D-7953-42CA-AF16-D1973380D0F4}"
EndProject
Project("{2150E333-8FDC-42A3-9474-1A3956D46DE8}") = "Core", "Core", "{736F2A3C-DC19-4AE3-B54D-602CE9B74947}"
EndProject
Project("{2150E333-8FDC-42A3-9474-1A3956D46DE8}") = "Infrastructure", "Infrastructure", "{D43A2FDD-8BA6-48EC-BE5E-834D6B4E77CB}"
EndProject
Project("{2150E333-8FDC-42A3-9474-1A3956D46DE8}") = "Presentation", "Presentation", "{35191635-4E00-47CD-AC43-9FA03F0AD678}"
EndProject
Project("{FAE04EC0-301F-11D3-BF4B-00C04F79EFBC}") = "Ecommerce.Order.Domain", "Services\Order\Core\Ecommerce.Order.Domain\Ecommerce.Order.Domain.csproj", "{760293EB-EFFF-4B4D-9F09-D65E917EEFDF}"
EndProject
Project("{FAE04EC0-301F-11D3-BF4B-00C04F79EFBC}") = "Ecommerce.Order.Application", "Services\Order\Core\Ecommerce.Order.Application\Ecommerce.Order.Application.csproj", "{18AA174A-607C-4588-9395-AC67A0364CAF}"
EndProject
Project("{FAE04EC0-301F-11D3-BF4B-00C04F79EFBC}") = "Ecommerce.Order.Persistence", "Services\Order\Infrastructure\Ecommerce.Order.Persistence\Ecommerce.Order.Persistence.csproj", "{3155942E-40F9-4E4E-81D3-06F03F4EEC8B}"
EndProject
Project("{FAE04EC0-301F-11D3-BF4B-00C04F79EFBC}") = "Ecommerce.Order.WebApi", "Services\Order\Presentation\Ecommerce.Order.WebApi\Ecommerce.Order.WebApi.csproj", "{0586DBB2-61E5-4DAC-9EFB-515016F08346}"
EndProject
Project("{2150E333-8FDC-42A3-9474-1A3956D46DE8}") = "IdentityServer", "IdentityServer", "{3502F464-D908-42AB-954D-8BFB7B76C671}"
EndProject
Project("{FAE04EC0-301F-11D3-BF4B-00C04F79EFBC}") = "Ecommerce.IdentityServer", "IdentityServer\Ecommerce.IdentityServer\Ecommerce.IdentityServer.csproj", "{F3EA49C7-120C-443A-8C5A-C72C87A49C57}"
EndProject
Project("{2150E333-8FDC-42A3-9474-1A3956D46DE8}") = "Requirements", "Requirements", "{5BCBDCEB-811B-44E4-85A0-E1B7E8AB5AF1}"
	ProjectSection(SolutionItems) = preProject
		ConnectionStrings.txt = ConnectionStrings.txt
		IdentityServerVersionErrorSolution.txt = IdentityServerVersionErrorSolution.txt
		PortainerCmd.txt = PortainerCmd.txt
		PortNumbers.txt = PortNumbers.txt
	EndProjectSection
EndProject
Project("{2150E333-8FDC-42A3-9474-1A3956D46DE8}") = "Cargo", "Cargo", "{7A9A4B7E-F83F-4B5E-9F49-6E61B9ABF99B}"
EndProject
Project("{FAE04EC0-301F-11D3-BF4B-00C04F79EFBC}") = "Ecommerce.Cargo.EntityLayer", "Services\Cargo\Ecommerce.Cargo.EntityLayer\Ecommerce.Cargo.EntityLayer.csproj", "{A838DF7C-0B82-450C-B492-93268F746192}"
EndProject
Project("{FAE04EC0-301F-11D3-BF4B-00C04F79EFBC}") = "Ecommerce.Cargo.BusinessLayer", "Services\Cargo\Ecommerce.Cargo.BusinessLayer\Ecommerce.Cargo.BusinessLayer.csproj", "{54D1C60D-B9DB-4984-A9B5-1687B6402CA1}"
EndProject
Project("{FAE04EC0-301F-11D3-BF4B-00C04F79EFBC}") = "Ecommerce.Cargo.DataAccessLayer", "Services\Cargo\Ecommerce.Cargo.DataAccessLayer\Ecommerce.Cargo.DataAccessLayer.csproj", "{4FB761EE-F118-4F6A-A6EF-489C559BE97F}"
EndProject
Project("{FAE04EC0-301F-11D3-BF4B-00C04F79EFBC}") = "Ecommerce.Cargo.DtoLayer", "Services\Cargo\Ecommerce.Cargo.DtoLayer\Ecommerce.Cargo.DtoLayer.csproj", "{E172DB07-23BC-4B75-B39E-C48B37764EB9}"
EndProject
Project("{FAE04EC0-301F-11D3-BF4B-00C04F79EFBC}") = "Ecommerce.Cargo.WebApi", "Services\Cargo\Ecommerce.Cargo.WebApi\Ecommerce.Cargo.WebApi.csproj", "{DE482667-5628-4188-86FF-F447FC06100E}"
EndProject
Project("{2150E333-8FDC-42A3-9474-1A3956D46DE8}") = "Basket", "Basket", "{886A7896-BD9A-4D7F-B6AB-6ED3CFE7A0DC}"
EndProject
Project("{FAE04EC0-301F-11D3-BF4B-00C04F79EFBC}") = "Ecommerce.Basket", "Services\Basket\Ecommerce.Basket\Ecommerce.Basket.csproj", "{1387D549-BFEA-4E15-8DAD-FCBA02A6832D}"
EndProject
Project("{2150E333-8FDC-42A3-9474-1A3956D46DE8}") = "FrontEnds", "FrontEnds", "{6ABF6B39-D9BC-42A5-9A2C-5CF89DD9E2C8}"
EndProject
Project("{FAE04EC0-301F-11D3-BF4B-00C04F79EFBC}") = "Ecommerce.WebUI", "Frontends\Ecommerce.WebUI\Ecommerce.WebUI.csproj", "{E13EAA16-4579-4953-84A5-CA02BBE0104F}"
EndProject
Global
	GlobalSection(SolutionConfigurationPlatforms) = preSolution
		Debug|Any CPU = Debug|Any CPU
		Release|Any CPU = Release|Any CPU
	EndGlobalSection
	GlobalSection(ProjectConfigurationPlatforms) = postSolution
		{0EBBCAB8-4750-475B-94B1-9547E976725E}.Debug|Any CPU.ActiveCfg = Debug|Any CPU
		{0EBBCAB8-4750-475B-94B1-9547E976725E}.Debug|Any CPU.Build.0 = Debug|Any CPU
		{0EBBCAB8-4750-475B-94B1-9547E976725E}.Release|Any CPU.ActiveCfg = Release|Any CPU
		{0EBBCAB8-4750-475B-94B1-9547E976725E}.Release|Any CPU.Build.0 = Release|Any CPU
		{336388E3-2074-4634-8F98-5F2372320EFE}.Debug|Any CPU.ActiveCfg = Debug|Any CPU
		{336388E3-2074-4634-8F98-5F2372320EFE}.Debug|Any CPU.Build.0 = Debug|Any CPU
		{336388E3-2074-4634-8F98-5F2372320EFE}.Release|Any CPU.ActiveCfg = Release|Any CPU
		{336388E3-2074-4634-8F98-5F2372320EFE}.Release|Any CPU.Build.0 = Release|Any CPU
		{760293EB-EFFF-4B4D-9F09-D65E917EEFDF}.Debug|Any CPU.ActiveCfg = Debug|Any CPU
		{760293EB-EFFF-4B4D-9F09-D65E917EEFDF}.Debug|Any CPU.Build.0 = Debug|Any CPU
		{760293EB-EFFF-4B4D-9F09-D65E917EEFDF}.Release|Any CPU.ActiveCfg = Release|Any CPU
		{760293EB-EFFF-4B4D-9F09-D65E917EEFDF}.Release|Any CPU.Build.0 = Release|Any CPU
		{18AA174A-607C-4588-9395-AC67A0364CAF}.Debug|Any CPU.ActiveCfg = Debug|Any CPU
		{18AA174A-607C-4588-9395-AC67A0364CAF}.Debug|Any CPU.Build.0 = Debug|Any CPU
		{18AA174A-607C-4588-9395-AC67A0364CAF}.Release|Any CPU.ActiveCfg = Release|Any CPU
		{18AA174A-607C-4588-9395-AC67A0364CAF}.Release|Any CPU.Build.0 = Release|Any CPU
		{3155942E-40F9-4E4E-81D3-06F03F4EEC8B}.Debug|Any CPU.ActiveCfg = Debug|Any CPU
		{3155942E-40F9-4E4E-81D3-06F03F4EEC8B}.Debug|Any CPU.Build.0 = Debug|Any CPU
		{3155942E-40F9-4E4E-81D3-06F03F4EEC8B}.Release|Any CPU.ActiveCfg = Release|Any CPU
		{3155942E-40F9-4E4E-81D3-06F03F4EEC8B}.Release|Any CPU.Build.0 = Release|Any CPU
		{0586DBB2-61E5-4DAC-9EFB-515016F08346}.Debug|Any CPU.ActiveCfg = Debug|Any CPU
		{0586DBB2-61E5-4DAC-9EFB-515016F08346}.Debug|Any CPU.Build.0 = Debug|Any CPU
		{0586DBB2-61E5-4DAC-9EFB-515016F08346}.Release|Any CPU.ActiveCfg = Release|Any CPU
		{0586DBB2-61E5-4DAC-9EFB-515016F08346}.Release|Any CPU.Build.0 = Release|Any CPU
		{F3EA49C7-120C-443A-8C5A-C72C87A49C57}.Debug|Any CPU.ActiveCfg = Debug|Any CPU
		{F3EA49C7-120C-443A-8C5A-C72C87A49C57}.Debug|Any CPU.Build.0 = Debug|Any CPU
		{F3EA49C7-120C-443A-8C5A-C72C87A49C57}.Release|Any CPU.ActiveCfg = Release|Any CPU
		{F3EA49C7-120C-443A-8C5A-C72C87A49C57}.Release|Any CPU.Build.0 = Release|Any CPU
		{A838DF7C-0B82-450C-B492-93268F746192}.Debug|Any CPU.ActiveCfg = Debug|Any CPU
		{A838DF7C-0B82-450C-B492-93268F746192}.Debug|Any CPU.Build.0 = Debug|Any CPU
		{A838DF7C-0B82-450C-B492-93268F746192}.Release|Any CPU.ActiveCfg = Release|Any CPU
		{A838DF7C-0B82-450C-B492-93268F746192}.Release|Any CPU.Build.0 = Release|Any CPU
		{54D1C60D-B9DB-4984-A9B5-1687B6402CA1}.Debug|Any CPU.ActiveCfg = Debug|Any CPU
		{54D1C60D-B9DB-4984-A9B5-1687B6402CA1}.Debug|Any CPU.Build.0 = Debug|Any CPU
		{54D1C60D-B9DB-4984-A9B5-1687B6402CA1}.Release|Any CPU.ActiveCfg = Release|Any CPU
		{54D1C60D-B9DB-4984-A9B5-1687B6402CA1}.Release|Any CPU.Build.0 = Release|Any CPU
		{4FB761EE-F118-4F6A-A6EF-489C559BE97F}.Debug|Any CPU.ActiveCfg = Debug|Any CPU
		{4FB761EE-F118-4F6A-A6EF-489C559BE97F}.Debug|Any CPU.Build.0 = Debug|Any CPU
		{4FB761EE-F118-4F6A-A6EF-489C559BE97F}.Release|Any CPU.ActiveCfg = Release|Any CPU
		{4FB761EE-F118-4F6A-A6EF-489C559BE97F}.Release|Any CPU.Build.0 = Release|Any CPU
		{E172DB07-23BC-4B75-B39E-C48B37764EB9}.Debug|Any CPU.ActiveCfg = Debug|Any CPU
		{E172DB07-23BC-4B75-B39E-C48B37764EB9}.Debug|Any CPU.Build.0 = Debug|Any CPU
		{E172DB07-23BC-4B75-B39E-C48B37764EB9}.Release|Any CPU.ActiveCfg = Release|Any CPU
		{E172DB07-23BC-4B75-B39E-C48B37764EB9}.Release|Any CPU.Build.0 = Release|Any CPU
		{DE482667-5628-4188-86FF-F447FC06100E}.Debug|Any CPU.ActiveCfg = Debug|Any CPU
		{DE482667-5628-4188-86FF-F447FC06100E}.Debug|Any CPU.Build.0 = Debug|Any CPU
		{DE482667-5628-4188-86FF-F447FC06100E}.Release|Any CPU.ActiveCfg = Release|Any CPU
		{DE482667-5628-4188-86FF-F447FC06100E}.Release|Any CPU.Build.0 = Release|Any CPU
		{1387D549-BFEA-4E15-8DAD-FCBA02A6832D}.Debug|Any CPU.ActiveCfg = Debug|Any CPU
		{1387D549-BFEA-4E15-8DAD-FCBA02A6832D}.Debug|Any CPU.Build.0 = Debug|Any CPU
		{1387D549-BFEA-4E15-8DAD-FCBA02A6832D}.Release|Any CPU.ActiveCfg = Release|Any CPU
		{1387D549-BFEA-4E15-8DAD-FCBA02A6832D}.Release|Any CPU.Build.0 = Release|Any CPU
		{E13EAA16-4579-4953-84A5-CA02BBE0104F}.Debug|Any CPU.ActiveCfg = Debug|Any CPU
		{E13EAA16-4579-4953-84A5-CA02BBE0104F}.Debug|Any CPU.Build.0 = Debug|Any CPU
		{E13EAA16-4579-4953-84A5-CA02BBE0104F}.Release|Any CPU.ActiveCfg = Release|Any CPU
		{E13EAA16-4579-4953-84A5-CA02BBE0104F}.Release|Any CPU.Build.0 = Release|Any CPU
	EndGlobalSection
	GlobalSection(SolutionProperties) = preSolution
		HideSolutionNode = FALSE
	EndGlobalSection
	GlobalSection(NestedProjects) = preSolution
		{9B24C8F7-D12C-4567-8DD6-21735B7415E8} = {0289C832-D22F-46EA-B541-91B80814D95C}
		{0EBBCAB8-4750-475B-94B1-9547E976725E} = {9B24C8F7-D12C-4567-8DD6-21735B7415E8}
		{C00F0FDE-1D90-4210-9AA8-9D06599F7CA3} = {0289C832-D22F-46EA-B541-91B80814D95C}
		{336388E3-2074-4634-8F98-5F2372320EFE} = {C00F0FDE-1D90-4210-9AA8-9D06599F7CA3}
		{32A0FD9D-7953-42CA-AF16-D1973380D0F4} = {0289C832-D22F-46EA-B541-91B80814D95C}
		{736F2A3C-DC19-4AE3-B54D-602CE9B74947} = {32A0FD9D-7953-42CA-AF16-D1973380D0F4}
		{D43A2FDD-8BA6-48EC-BE5E-834D6B4E77CB} = {32A0FD9D-7953-42CA-AF16-D1973380D0F4}
		{35191635-4E00-47CD-AC43-9FA03F0AD678} = {32A0FD9D-7953-42CA-AF16-D1973380D0F4}
		{760293EB-EFFF-4B4D-9F09-D65E917EEFDF} = {736F2A3C-DC19-4AE3-B54D-602CE9B74947}
		{18AA174A-607C-4588-9395-AC67A0364CAF} = {736F2A3C-DC19-4AE3-B54D-602CE9B74947}
		{3155942E-40F9-4E4E-81D3-06F03F4EEC8B} = {D43A2FDD-8BA6-48EC-BE5E-834D6B4E77CB}
		{0586DBB2-61E5-4DAC-9EFB-515016F08346} = {35191635-4E00-47CD-AC43-9FA03F0AD678}
		{F3EA49C7-120C-443A-8C5A-C72C87A49C57} = {3502F464-D908-42AB-954D-8BFB7B76C671}
		{7A9A4B7E-F83F-4B5E-9F49-6E61B9ABF99B} = {0289C832-D22F-46EA-B541-91B80814D95C}
		{A838DF7C-0B82-450C-B492-93268F746192} = {7A9A4B7E-F83F-4B5E-9F49-6E61B9ABF99B}
		{54D1C60D-B9DB-4984-A9B5-1687B6402CA1} = {7A9A4B7E-F83F-4B5E-9F49-6E61B9ABF99B}
		{4FB761EE-F118-4F6A-A6EF-489C559BE97F} = {7A9A4B7E-F83F-4B5E-9F49-6E61B9ABF99B}
		{E172DB07-23BC-4B75-B39E-C48B37764EB9} = {7A9A4B7E-F83F-4B5E-9F49-6E61B9ABF99B}
		{DE482667-5628-4188-86FF-F447FC06100E} = {7A9A4B7E-F83F-4B5E-9F49-6E61B9ABF99B}
		{886A7896-BD9A-4D7F-B6AB-6ED3CFE7A0DC} = {0289C832-D22F-46EA-B541-91B80814D95C}
		{1387D549-BFEA-4E15-8DAD-FCBA02A6832D} = {886A7896-BD9A-4D7F-B6AB-6ED3CFE7A0DC}
		{E13EAA16-4579-4953-84A5-CA02BBE0104F} = {6ABF6B39-D9BC-42A5-9A2C-5CF89DD9E2C8}
	EndGlobalSection
EndGlobal
